
Microsoft Visual Studio Solution File, Format Version 12.00
# Visual Studio Version 17
VisualStudioVersion = 17.3.32922.545
MinimumVisualStudioVersion = 10.0.40219.1
Project("{FAE04EC0-301F-11D3-BF4B-00C04F79EFBC}") = "ObjectOrientedPrograms", "ObjectOrientedPrograms.csproj", "{EBDF00E4-D39B-4BF9-8F68-A7D145B248EC}"
EndProject
Global
	GlobalSection(SolutionConfigurationPlatforms) = preSolution
		Debug|Any CPU = Debug|Any CPU
		Release|Any CPU = Release|Any CPU
	EndGlobalSection
	GlobalSection(ProjectConfigurationPlatforms) = postSolution
		{EBDF00E4-D39B-4BF9-8F68-A7D145B248EC}.Debug|Any CPU.ActiveCfg = Debug|Any CPU
		{EBDF00E4-D39B-4BF9-8F68-A7D145B248EC}.Debug|Any CPU.Build.0 = Debug|Any CPU
		{EBDF00E4-D39B-4BF9-8F68-A7D145B248EC}.Release|Any CPU.ActiveCfg = Release|Any CPU
		{EBDF00E4-D39B-4BF9-8F68-A7D145B248EC}.Release|Any CPU.Build.0 = Release|Any CPU
	EndGlobalSection
	GlobalSection(SolutionProperties) = preSolution
		HideSolutionNode = FALSE
	EndGlobalSection
	GlobalSection(ExtensibilityGlobals) = postSolution
		SolutionGuid = {3B33C157-3AFB-40E8-B23D-ECB14BAB878B}
	EndGlobalSection
EndGlobal
